
Microsoft Visual Studio Solution File, Format Version 12.00
# Visual Studio Version 17
VisualStudioVersion = 17.3.32929.385
MinimumVisualStudioVersion = 10.0.40219.1
Project("{FAE04EC0-301F-11D3-BF4B-00C04F79EFBC}") = "WebApi_CosmosDB", "WebApi_CosmosDB\WebApi_CosmosDB.csproj", "{5000EA85-ACA6-4FF3-AB38-F0FF932E65E6}"
EndProject
Global
	GlobalSection(SolutionConfigurationPlatforms) = preSolution
		Debug|Any CPU = Debug|Any CPU
		Release|Any CPU = Release|Any CPU
	EndGlobalSection
	GlobalSection(ProjectConfigurationPlatforms) = postSolution
		{5000EA85-ACA6-4FF3-AB38-F0FF932E65E6}.Debug|Any CPU.ActiveCfg = Debug|Any CPU
		{5000EA85-ACA6-4FF3-AB38-F0FF932E65E6}.Debug|Any CPU.Build.0 = Debug|Any CPU
		{5000EA85-ACA6-4FF3-AB38-F0FF932E65E6}.Release|Any CPU.ActiveCfg = Release|Any CPU
		{5000EA85-ACA6-4FF3-AB38-F0FF932E65E6}.Release|Any CPU.Build.0 = Release|Any CPU
	EndGlobalSection
	GlobalSection(SolutionProperties) = preSolution
		HideSolutionNode = FALSE
	EndGlobalSection
	GlobalSection(ExtensibilityGlobals) = postSolution
		SolutionGuid = {979CEEAB-02C0-4361-91A9-F2E911581669}
	EndGlobalSection
EndGlobal
